{
  "name": "aaronasachimp.github.io",
  "version": "0.0.0",
  "lockfileVersion": 3,
  "requires": true,
  "packages": {
    "": {
      "version": "0.0.0",
      "dependencies": {
        "@fortawesome/fontawesome-svg-core": "^6.4.0",
        "@fortawesome/free-brands-svg-icons": "^6.4.0",
        "@fortawesome/react-fontawesome": "^0.2.0",
        "@mdx-js/react": "^1.6.22",
        "@silvenon/remark-smartypants": "^1.0.0",
        "prism-react-renderer": "^1.3.5",
        "react": "^17.0.2",
        "react-dom": "^17.0.2"
      }
    },
    "node_modules/@fortawesome/fontawesome-common-types": {
      "version": "6.4.0",
      "resolved": "https://registry.npmjs.org/@fortawesome/fontawesome-common-types/-/fontawesome-common-types-6.4.0.tgz",
      "integrity": "sha512-HNii132xfomg5QVZw0HwXXpN22s7VBHQBv9CeOu9tfJnhsWQNd2lmTNi8CSrnw5B+5YOmzu1UoPAyxaXsJ6RgQ==",
      "hasInstallScript": true,
      "engines": {
        "node": ">=6"
      }
    },
    "node_modules/@fortawesome/fontawesome-svg-core": {
      "version": "6.4.0",
      "resolved": "https://registry.npmjs.org/@fortawesome/fontawesome-svg-core/-/fontawesome-svg-core-6.4.0.tgz",
      "integrity": "sha512-Bertv8xOiVELz5raB2FlXDPKt+m94MQ3JgDfsVbrqNpLU9+UE2E18GKjLKw+d3XbeYPqg1pzyQKGsrzbw+pPaw==",
      "hasInstallScript": true,
      "dependencies": {
        "@fortawesome/fontawesome-common-types": "6.4.0"
      },
      "engines": {
        "node": ">=6"
      }
    },
    "node_modules/@fortawesome/free-brands-svg-icons": {
      "version": "6.4.0",
      "resolved": "https://registry.npmjs.org/@fortawesome/free-brands-svg-icons/-/free-brands-svg-icons-6.4.0.tgz",
      "integrity": "sha512-qvxTCo0FQ5k2N+VCXb/PZQ+QMhqRVM4OORiO6MXdG6bKolIojGU/srQ1ptvKk0JTbRgaJOfL2qMqGvBEZG7Z6g==",
      "hasInstallScript": true,
      "dependencies": {
        "@fortawesome/fontawesome-common-types": "6.4.0"
      },
      "engines": {
        "node": ">=6"
      }
    },
    "node_modules/@fortawesome/react-fontawesome": {
      "version": "0.2.0",
      "resolved": "https://registry.npmjs.org/@fortawesome/react-fontawesome/-/react-fontawesome-0.2.0.tgz",
      "integrity": "sha512-uHg75Rb/XORTtVt7OS9WoK8uM276Ufi7gCzshVWkUJbHhh3svsUUeqXerrM96Wm7fRiDzfKRwSoahhMIkGAYHw==",
      "dependencies": {
        "prop-types": "^15.8.1"
      },
      "peerDependencies": {
        "@fortawesome/fontawesome-svg-core": "~1 || ~6",
        "react": ">=16.3"
      }
    },
    "node_modules/@mdx-js/react": {
      "version": "1.6.22",
      "resolved": "https://registry.npmjs.org/@mdx-js/react/-/react-1.6.22.tgz",
      "integrity": "sha512-TDoPum4SHdfPiGSAaRBw7ECyI8VaHpK8GJugbJIJuqyh6kzw9ZLJZW3HGL3NNrJGxcAixUvqROm+YuQOo5eXtg==",
      "funding": {
        "type": "opencollective",
        "url": "https://opencollective.com/unified"
      },
      "peerDependencies": {
        "react": "^16.13.1 || ^17.0.0"
      }
    },
    "node_modules/@silvenon/remark-smartypants": {
      "version": "1.0.0",
      "resolved": "https://registry.npmjs.org/@silvenon/remark-smartypants/-/remark-smartypants-1.0.0.tgz",
      "integrity": "sha512-+Icx9z8zKBdO9mMcsUkfRbzGkHDXmv+Q4TyoPTiuhTrWK2UtLUglfTB5iRacuYHzNYKC4hJIJmTlC5c7fNxOiw==",
      "dependencies": {
        "retext": "^7.0.1",
        "retext-smartypants": "^4.0.0",
        "unist-util-visit": "^2.0.1"
      }
    },
    "node_modules/@silvenon/remark-smartypants/node_modules/array-iterate": {
      "version": "1.1.4",
      "resolved": "https://registry.npmjs.org/array-iterate/-/array-iterate-1.1.4.tgz",
      "integrity": "sha512-sNRaPGh9nnmdC8Zf+pT3UqP8rnWj5Hf9wiFGsX3wUQ2yVSIhO2ShFwCoceIPpB41QF6i2OEmrHmCo36xronCVA==",
      "funding": {
        "type": "github",
        "url": "https://github.com/sponsors/wooorm"
      }
    },
    "node_modules/@silvenon/remark-smartypants/node_modules/nlcst-to-string": {
      "version": "2.0.4",
      "resolved": "https://registry.npmjs.org/nlcst-to-string/-/nlcst-to-string-2.0.4.tgz",
      "integrity": "sha512-3x3jwTd6UPG7vi5k4GEzvxJ5rDA7hVUIRNHPblKuMVP9Z3xmlsd9cgLcpAMkc5uPOBna82EeshROFhsPkbnTZg==",
      "funding": {
        "type": "opencollective",
        "url": "https://opencollective.com/unified"
      }
    },
    "node_modules/@silvenon/remark-smartypants/node_modules/parse-latin": {
      "version": "4.3.0",
      "resolved": "https://registry.npmjs.org/parse-latin/-/parse-latin-4.3.0.tgz",
      "integrity": "sha512-TYKL+K98dcAWoCw/Ac1yrPviU8Trk+/gmjQVaoWEFDZmVD4KRg6c/80xKqNNFQObo2mTONgF8trzAf2UTwKafw==",
      "dependencies": {
        "nlcst-to-string": "^2.0.0",
        "unist-util-modify-children": "^2.0.0",
        "unist-util-visit-children": "^1.0.0"
      },
      "funding": {
        "type": "github",
        "url": "https://github.com/sponsors/wooorm"
      }
    },
    "node_modules/@silvenon/remark-smartypants/node_modules/retext": {
      "version": "7.0.1",
      "resolved": "https://registry.npmjs.org/retext/-/retext-7.0.1.tgz",
      "integrity": "sha512-N0IaEDkvUjqyfn3/gwxVfI51IxfGzOiVXqPLWnKeCDbiQdxSg0zebzHPxXWnL7TeplAJ+RE4uqrXyYN//s9HjQ==",
      "dependencies": {
        "retext-latin": "^2.0.0",
        "retext-stringify": "^2.0.0",
        "unified": "^8.0.0"
      },
      "funding": {
        "type": "opencollective",
        "url": "https://opencollective.com/unified"
      }
    },
    "node_modules/@silvenon/remark-smartypants/node_modules/retext-latin": {
      "version": "2.0.4",
      "resolved": "https://registry.npmjs.org/retext-latin/-/retext-latin-2.0.4.tgz",
      "integrity": "sha512-fOoSSoQgDZ+l/uS81oxI3alBghDUPja0JEl0TpQxI6MN+dhM6fLFumPJwMZ4PJTyL5FFAgjlsdv8IX+6IRuwMw==",
      "dependencies": {
        "parse-latin": "^4.0.0",
        "unherit": "^1.0.4"
      },
      "funding": {
        "type": "opencollective",
        "url": "https://opencollective.com/unified"
      }
    },
    "node_modules/@silvenon/remark-smartypants/node_modules/retext-smartypants": {
      "version": "4.0.0",
      "resolved": "https://registry.npmjs.org/retext-smartypants/-/retext-smartypants-4.0.0.tgz",
      "integrity": "sha512-Mknd05zuIycr4Z/hNDxA8ktqv7pG7wYdTZc68a2MJF+Ibg/WloR5bbyrEjijwNwHRR+xWsovkLH4OQIz/mghdw==",
      "dependencies": {
        "nlcst-to-string": "^2.0.0",
        "unist-util-visit": "^2.0.0"
      },
      "funding": {
        "type": "opencollective",
        "url": "https://opencollective.com/unified"
      }
    },
    "node_modules/@silvenon/remark-smartypants/node_modules/retext-stringify": {
      "version": "2.0.4",
      "resolved": "https://registry.npmjs.org/retext-stringify/-/retext-stringify-2.0.4.tgz",
      "integrity": "sha512-xOtx5mFJBoT3j7PBtiY2I+mEGERNniofWktI1cKXvjMEJPOuqve0dghLHO1+gz/gScLn4zqspDGv4kk2wS5kSA==",
      "dependencies": {
        "nlcst-to-string": "^2.0.0"
      },
      "funding": {
        "type": "opencollective",
        "url": "https://opencollective.com/unified"
      }
    },
    "node_modules/@silvenon/remark-smartypants/node_modules/unified": {
      "version": "8.4.2",
      "resolved": "https://registry.npmjs.org/unified/-/unified-8.4.2.tgz",
      "integrity": "sha512-JCrmN13jI4+h9UAyKEoGcDZV+i1E7BLFuG7OsaDvTXI5P0qhHX+vZO/kOhz9jn8HGENDKbwSeB0nVOg4gVStGA==",
      "dependencies": {
        "bail": "^1.0.0",
        "extend": "^3.0.0",
        "is-plain-obj": "^2.0.0",
        "trough": "^1.0.0",
        "vfile": "^4.0.0"
      },
      "funding": {
        "type": "opencollective",
        "url": "https://opencollective.com/unified"
      }
    },
    "node_modules/@silvenon/remark-smartypants/node_modules/unist-util-modify-children": {
      "version": "2.0.0",
      "resolved": "https://registry.npmjs.org/unist-util-modify-children/-/unist-util-modify-children-2.0.0.tgz",
      "integrity": "sha512-HGrj7JQo9DwZt8XFsX8UD4gGqOsIlCih9opG6Y+N11XqkBGKzHo8cvDi+MfQQgiZ7zXRUiQREYHhjOBHERTMdg==",
      "dependencies": {
        "array-iterate": "^1.0.0"
      },
      "funding": {
        "type": "opencollective",
        "url": "https://opencollective.com/unified"
      }
    },
    "node_modules/@silvenon/remark-smartypants/node_modules/unist-util-visit-children": {
      "version": "1.1.4",
      "resolved": "https://registry.npmjs.org/unist-util-visit-children/-/unist-util-visit-children-1.1.4.tgz",
      "integrity": "sha512-sA/nXwYRCQVRwZU2/tQWUqJ9JSFM1X3x7JIOsIgSzrFHcfVt6NkzDtKzyxg2cZWkCwGF9CO8x4QNZRJRMK8FeQ==",
      "funding": {
        "type": "opencollective",
        "url": "https://opencollective.com/unified"
      }
    },
    "node_modules/@types/unist": {
      "version": "2.0.6",
      "resolved": "https://registry.npmjs.org/@types/unist/-/unist-2.0.6.tgz",
      "integrity": "sha512-PBjIUxZHOuj0R15/xuwJYjFi+KZdNFrehocChv4g5hu6aFroHue8m0lBP0POdK2nKzbw0cgV1mws8+V/JAcEkQ=="
    },
    "node_modules/bail": {
      "version": "1.0.5",
      "resolved": "https://registry.npmjs.org/bail/-/bail-1.0.5.tgz",
      "integrity": "sha512-xFbRxM1tahm08yHBP16MMjVUAvDaBMD38zsM9EMAUN61omwLmKlOpB/Zku5QkjZ8TZ4vn53pj+t518cH0S03RQ==",
      "funding": {
        "type": "github",
        "url": "https://github.com/sponsors/wooorm"
      }
    },
    "node_modules/extend": {
      "version": "3.0.2",
      "resolved": "https://registry.npmjs.org/extend/-/extend-3.0.2.tgz",
      "integrity": "sha512-fjquC59cD7CyW6urNXK0FBufkZcoiGG80wTuPujX590cB5Ttln20E2UB4S/WARVqhXffZl2LNgS+gQdPIIim/g=="
    },
    "node_modules/inherits": {
      "version": "2.0.4",
      "resolved": "https://registry.npmjs.org/inherits/-/inherits-2.0.4.tgz",
      "integrity": "sha512-k/vGaX4/Yla3WzyMCvTQOXYeIHvqOKtnqBduzTHpzpQZzAskKMhZ2K+EnBiSM9zGSoIFeMpXKxa4dYeZIQqewQ=="
    },
    "node_modules/is-buffer": {
      "version": "2.0.5",
      "resolved": "https://registry.npmjs.org/is-buffer/-/is-buffer-2.0.5.tgz",
      "integrity": "sha512-i2R6zNFDwgEHJyQUtJEk0XFi1i0dPFn/oqjK3/vPCcDeJvW5NQ83V8QbicfF1SupOaB0h8ntgBC2YiE7dfyctQ==",
      "funding": [
        {
          "type": "github",
          "url": "https://github.com/sponsors/feross"
        },
        {
          "type": "patreon",
          "url": "https://www.patreon.com/feross"
        },
        {
          "type": "consulting",
          "url": "https://feross.org/support"
        }
      ],
      "engines": {
        "node": ">=4"
      }
    },
    "node_modules/is-plain-obj": {
      "version": "2.1.0",
      "resolved": "https://registry.npmjs.org/is-plain-obj/-/is-plain-obj-2.1.0.tgz",
      "integrity": "sha512-YWnfyRwxL/+SsrWYfOpUtz5b3YD+nyfkHvjbcanzk8zgyO4ASD67uVMRt8k5bM4lLMDnXfriRhOpemw+NfT1eA==",
      "engines": {
        "node": ">=8"
      }
    },
    "node_modules/js-tokens": {
      "version": "4.0.0",
      "resolved": "https://registry.npmjs.org/js-tokens/-/js-tokens-4.0.0.tgz",
      "integrity": "sha512-RdJUflcE3cUzKiMqQgsCu06FPu9UdIJO0beYbPhHN4k6apgJtifcoCtT9bcxOpYBtpD2kCM6Sbzg4CausW/PKQ=="
    },
    "node_modules/loose-envify": {
      "version": "1.4.0",
      "resolved": "https://registry.npmjs.org/loose-envify/-/loose-envify-1.4.0.tgz",
      "integrity": "sha512-lyuxPGr/Wfhrlem2CL/UcnUc1zcqKAImBDzukY7Y5F/yQiNdko6+fRLevlw1HgMySw7f611UIY408EtxRSoK3Q==",
      "dependencies": {
        "js-tokens": "^3.0.0 || ^4.0.0"
      },
      "bin": {
        "loose-envify": "cli.js"
      }
    },
    "node_modules/object-assign": {
      "version": "4.1.1",
      "resolved": "https://registry.npmjs.org/object-assign/-/object-assign-4.1.1.tgz",
      "integrity": "sha512-rJgTQnkUnH1sFw8yT6VSU3zD3sWmu6sZhIseY8VX+GRu3P6F7Fu+JNDoXfklElbLJSnc3FUQHVe4cU5hj+BcUg==",
      "engines": {
        "node": ">=0.10.0"
      }
    },
    "node_modules/prism-react-renderer": {
      "version": "1.3.5",
      "resolved": "https://registry.npmjs.org/prism-react-renderer/-/prism-react-renderer-1.3.5.tgz",
      "integrity": "sha512-IJ+MSwBWKG+SM3b2SUfdrhC+gu01QkV2KmRQgREThBfSQRoufqRfxfHUxpG1WcaFjP+kojcFyO9Qqtpgt3qLCg==",
      "peerDependencies": {
        "react": ">=0.14.9"
      }
    },
    "node_modules/prop-types": {
      "version": "15.8.1",
      "resolved": "https://registry.npmjs.org/prop-types/-/prop-types-15.8.1.tgz",
      "integrity": "sha512-oj87CgZICdulUohogVAR7AjlC0327U4el4L6eAvOqCeudMDVU0NThNaV+b9Df4dXgSP1gXMTnPdhfe/2qDH5cg==",
      "dependencies": {
        "loose-envify": "^1.4.0",
        "object-assign": "^4.1.1",
        "react-is": "^16.13.1"
      }
    },
    "node_modules/react": {
      "version": "17.0.2",
      "resolved": "https://registry.npmjs.org/react/-/react-17.0.2.tgz",
      "integrity": "sha512-gnhPt75i/dq/z3/6q/0asP78D0u592D5L1pd7M8P+dck6Fu/jJeL6iVVK23fptSUZj8Vjf++7wXA8UNclGQcbA==",
      "dependencies": {
        "loose-envify": "^1.1.0",
        "object-assign": "^4.1.1"
      },
      "engines": {
        "node": ">=0.10.0"
      }
    },
    "node_modules/react-dom": {
      "version": "17.0.2",
      "resolved": "https://registry.npmjs.org/react-dom/-/react-dom-17.0.2.tgz",
      "integrity": "sha512-s4h96KtLDUQlsENhMn1ar8t2bEa+q/YAtj8pPPdIjPDGBDIVNsrD9aXNWqspUe6AzKCIG0C1HZZLqLV7qpOBGA==",
      "dependencies": {
        "loose-envify": "^1.1.0",
        "object-assign": "^4.1.1",
        "scheduler": "^0.20.2"
      },
      "peerDependencies": {
        "react": "17.0.2"
      }
    },
    "node_modules/react-is": {
      "version": "16.13.1",
      "resolved": "https://registry.npmjs.org/react-is/-/react-is-16.13.1.tgz",
      "integrity": "sha512-24e6ynE2H+OKt4kqsOvNd8kBpV65zoxbA4BVsEOB3ARVWQki/DHzaUoC5KuON/BiccDaCCTZBuOcfZs70kR8bQ=="
    },
    "node_modules/scheduler": {
      "version": "0.20.2",
      "resolved": "https://registry.npmjs.org/scheduler/-/scheduler-0.20.2.tgz",
      "integrity": "sha512-2eWfGgAqqWFGqtdMmcL5zCMK1U8KlXv8SQFGglL3CEtd0aDVDWgeF/YoCmvln55m5zSk3J/20hTaSBeSObsQDQ==",
      "dependencies": {
        "loose-envify": "^1.1.0",
        "object-assign": "^4.1.1"
      }
    },
    "node_modules/trough": {
      "version": "1.0.5",
      "resolved": "https://registry.npmjs.org/trough/-/trough-1.0.5.tgz",
      "integrity": "sha512-rvuRbTarPXmMb79SmzEp8aqXNKcK+y0XaB298IXueQ8I2PsrATcPBCSPyK/dDNa2iWOhKlfNnOjdAOTBU/nkFA==",
      "funding": {
        "type": "github",
        "url": "https://github.com/sponsors/wooorm"
      }
    },
    "node_modules/unherit": {
      "version": "1.1.3",
      "resolved": "https://registry.npmjs.org/unherit/-/unherit-1.1.3.tgz",
      "integrity": "sha512-Ft16BJcnapDKp0+J/rqFC3Rrk6Y/Ng4nzsC028k2jdDII/rdZ7Wd3pPT/6+vIIxRagwRc9K0IUX0Ra4fKvw+WQ==",
      "dependencies": {
        "inherits": "^2.0.0",
        "xtend": "^4.0.0"
      },
      "funding": {
        "type": "github",
        "url": "https://github.com/sponsors/wooorm"
      }
    },
    "node_modules/unist-util-is": {
      "version": "4.1.0",
      "resolved": "https://registry.npmjs.org/unist-util-is/-/unist-util-is-4.1.0.tgz",
      "integrity": "sha512-ZOQSsnce92GrxSqlnEEseX0gi7GH9zTJZ0p9dtu87WRb/37mMPO2Ilx1s/t9vBHrFhbgweUwb+t7cIn5dxPhZg==",
      "funding": {
        "type": "opencollective",
        "url": "https://opencollective.com/unified"
      }
    },
    "node_modules/unist-util-stringify-position": {
      "version": "2.0.3",
      "resolved": "https://registry.npmjs.org/unist-util-stringify-position/-/unist-util-stringify-position-2.0.3.tgz",
      "integrity": "sha512-3faScn5I+hy9VleOq/qNbAd6pAx7iH5jYBMS9I1HgQVijz/4mv5Bvw5iw1sC/90CODiKo81G/ps8AJrISn687g==",
      "dependencies": {
        "@types/unist": "^2.0.2"
      },
      "funding": {
        "type": "opencollective",
        "url": "https://opencollective.com/unified"
      }
    },
    "node_modules/unist-util-visit": {
      "version": "2.0.3",
      "resolved": "https://registry.npmjs.org/unist-util-visit/-/unist-util-visit-2.0.3.tgz",
      "integrity": "sha512-iJ4/RczbJMkD0712mGktuGpm/U4By4FfDonL7N/9tATGIF4imikjOuagyMY53tnZq3NP6BcmlrHhEKAfGWjh7Q==",
      "dependencies": {
        "@types/unist": "^2.0.0",
        "unist-util-is": "^4.0.0",
        "unist-util-visit-parents": "^3.0.0"
      },
      "funding": {
        "type": "opencollective",
        "url": "https://opencollective.com/unified"
      }
    },
    "node_modules/unist-util-visit-parents": {
      "version": "3.1.1",
      "resolved": "https://registry.npmjs.org/unist-util-visit-parents/-/unist-util-visit-parents-3.1.1.tgz",
      "integrity": "sha512-1KROIZWo6bcMrZEwiH2UrXDyalAa0uqzWCxCJj6lPOvTve2WkfgCytoDTPaMnodXh1WrXOq0haVYHj99ynJlsg==",
      "dependencies": {
        "@types/unist": "^2.0.0",
        "unist-util-is": "^4.0.0"
      },
      "funding": {
        "type": "opencollective",
        "url": "https://opencollective.com/unified"
      }
    },
    "node_modules/vfile": {
      "version": "4.2.1",
      "resolved": "https://registry.npmjs.org/vfile/-/vfile-4.2.1.tgz",
      "integrity": "sha512-O6AE4OskCG5S1emQ/4gl8zK586RqA3srz3nfK/Viy0UPToBc5Trp9BVFb1u0CjsKrAWwnpr4ifM/KBXPWwJbCA==",
      "dependencies": {
        "@types/unist": "^2.0.0",
        "is-buffer": "^2.0.0",
        "unist-util-stringify-position": "^2.0.0",
        "vfile-message": "^2.0.0"
      },
      "funding": {
        "type": "opencollective",
        "url": "https://opencollective.com/unified"
      }
    },
    "node_modules/vfile-message": {
      "version": "2.0.4",
      "resolved": "https://registry.npmjs.org/vfile-message/-/vfile-message-2.0.4.tgz",
      "integrity": "sha512-DjssxRGkMvifUOJre00juHoP9DPWuzjxKuMDrhNbk2TdaYYBNMStsNhEOt3idrtI12VQYM/1+iM0KOzXi4pxwQ==",
      "dependencies": {
        "@types/unist": "^2.0.0",
        "unist-util-stringify-position": "^2.0.0"
      },
      "funding": {
        "type": "opencollective",
        "url": "https://opencollective.com/unified"
      }
    },
    "node_modules/xtend": {
      "version": "4.0.2",
      "resolved": "https://registry.npmjs.org/xtend/-/xtend-4.0.2.tgz",
      "integrity": "sha512-LKYU1iAXJXUgAXn9URjiu+MWhyUXHsvfp7mcuYm9dSUKK0/CjtrUwFAxD82/mCWbtLsGjFIad0wIsod4zrTAEQ==",
      "engines": {
        "node": ">=0.4"
      }
    }
  }
}
